
Microsoft Visual Studio Solution File, Format Version 12.00
# Visual Studio Version 16
VisualStudioVersion = 16.0.30320.27
MinimumVisualStudioVersion = 10.0.40219.1
Project("{FAE04EC0-301F-11D3-BF4B-00C04F79EFBC}") = "GUI", "GUI\GUI.csproj", "{1C139C77-5D3C-411A-8EE2-AD4BBEE3AC28}"
EndProject
Project("{FAE04EC0-301F-11D3-BF4B-00C04F79EFBC}") = "DTOs", "DTOs\DTOs.csproj", "{0C9C482C-15AC-4831-9F7B-48C5368D32D2}"
EndProject
Project("{FAE04EC0-301F-11D3-BF4B-00C04F79EFBC}") = "DALs", "DALs\DALs.csproj", "{AE6EBEF4-F7EF-409D-ABA9-26481B91A55F}"
EndProject
Project("{FAE04EC0-301F-11D3-BF4B-00C04F79EFBC}") = "BULs", "BULs\BULs.csproj", "{833FD6B4-2D40-4352-BD3A-4E845AF277D6}"
EndProject
Global
	GlobalSection(SolutionConfigurationPlatforms) = preSolution
		Debug|Any CPU = Debug|Any CPU
		Release|Any CPU = Release|Any CPU
	EndGlobalSection
	GlobalSection(ProjectConfigurationPlatforms) = postSolution
		{1C139C77-5D3C-411A-8EE2-AD4BBEE3AC28}.Debug|Any CPU.ActiveCfg = Debug|Any CPU
		{1C139C77-5D3C-411A-8EE2-AD4BBEE3AC28}.Debug|Any CPU.Build.0 = Debug|Any CPU
		{1C139C77-5D3C-411A-8EE2-AD4BBEE3AC28}.Release|Any CPU.ActiveCfg = Release|Any CPU
		{1C139C77-5D3C-411A-8EE2-AD4BBEE3AC28}.Release|Any CPU.Build.0 = Release|Any CPU
		{0C9C482C-15AC-4831-9F7B-48C5368D32D2}.Debug|Any CPU.ActiveCfg = Debug|Any CPU
		{0C9C482C-15AC-4831-9F7B-48C5368D32D2}.Debug|Any CPU.Build.0 = Debug|Any CPU
		{0C9C482C-15AC-4831-9F7B-48C5368D32D2}.Release|Any CPU.ActiveCfg = Release|Any CPU
		{0C9C482C-15AC-4831-9F7B-48C5368D32D2}.Release|Any CPU.Build.0 = Release|Any CPU
		{AE6EBEF4-F7EF-409D-ABA9-26481B91A55F}.Debug|Any CPU.ActiveCfg = Debug|Any CPU
		{AE6EBEF4-F7EF-409D-ABA9-26481B91A55F}.Debug|Any CPU.Build.0 = Debug|Any CPU
		{AE6EBEF4-F7EF-409D-ABA9-26481B91A55F}.Release|Any CPU.ActiveCfg = Release|Any CPU
		{AE6EBEF4-F7EF-409D-ABA9-26481B91A55F}.Release|Any CPU.Build.0 = Release|Any CPU
		{833FD6B4-2D40-4352-BD3A-4E845AF277D6}.Debug|Any CPU.ActiveCfg = Debug|Any CPU
		{833FD6B4-2D40-4352-BD3A-4E845AF277D6}.Debug|Any CPU.Build.0 = Debug|Any CPU
		{833FD6B4-2D40-4352-BD3A-4E845AF277D6}.Release|Any CPU.ActiveCfg = Release|Any CPU
		{833FD6B4-2D40-4352-BD3A-4E845AF277D6}.Release|Any CPU.Build.0 = Release|Any CPU
	EndGlobalSection
	GlobalSection(SolutionProperties) = preSolution
		HideSolutionNode = FALSE
	EndGlobalSection
	GlobalSection(ExtensibilityGlobals) = postSolution
		SolutionGuid = {0FD6AC7F-C3CE-4E07-B99F-2166439ED5E4}
	EndGlobalSection
EndGlobal
