
Microsoft Visual Studio Solution File, Format Version 12.00
# Visual Studio Version 16
VisualStudioVersion = 16.0.30204.135
MinimumVisualStudioVersion = 10.0.40219.1
Project("{9A19103F-16F7-4668-BE54-9A1E7A4F7556}") = "Bai1", "Bai1\Bai1.csproj", "{BC9B0EA2-C9D1-43A5-A440-6A8566FD58A1}"
EndProject
Project("{9A19103F-16F7-4668-BE54-9A1E7A4F7556}") = "Bai2", "Bai2\Bai2.csproj", "{1E3CFD2D-A289-4BB9-8028-E4DF8DFB1FB7}"
EndProject
Project("{9A19103F-16F7-4668-BE54-9A1E7A4F7556}") = "Bai3", "Bai3\Bai3.csproj", "{74F324EA-0FE9-4910-AE1C-9C9541764D34}"
EndProject
Project("{9A19103F-16F7-4668-BE54-9A1E7A4F7556}") = "Bai4", "Bai4\Bai4.csproj", "{C3B3F625-1E1A-4C8C-97A7-62A4C0B19E8F}"
EndProject
Project("{9A19103F-16F7-4668-BE54-9A1E7A4F7556}") = "Bai5", "Bai5\Bai5.csproj", "{D3ABB320-5441-4372-AF31-9C13DB11AAEB}"
EndProject
Project("{9A19103F-16F7-4668-BE54-9A1E7A4F7556}") = "Bai6", "Bai6\Bai6.csproj", "{DC0A6D0F-3010-4E19-9455-B8DBFB4AB19C}"
EndProject
Project("{9A19103F-16F7-4668-BE54-9A1E7A4F7556}") = "Bai7", "Bai7\Bai7.csproj", "{55271DB1-F5C4-463D-8D5A-6C1DDCABCF17}"
EndProject
Project("{9A19103F-16F7-4668-BE54-9A1E7A4F7556}") = "Bai8", "Bai8\Bai8.csproj", "{83782969-B11C-49B1-876C-874F38E18A37}"
EndProject
Project("{9A19103F-16F7-4668-BE54-9A1E7A4F7556}") = "Bai9", "Bai9\Bai9.csproj", "{5CB92592-D78C-4602-B0C8-5EB612A9DBB5}"
EndProject
Project("{FAE04EC0-301F-11D3-BF4B-00C04F79EFBC}") = "Bai10", "Bai10\Bai10.csproj", "{C28805AE-8A96-418B-B7A6-739ED15194C8}"
EndProject
Project("{FAE04EC0-301F-11D3-BF4B-00C04F79EFBC}") = "Bai11", "Bai11\Bai11.csproj", "{3745F679-5B81-4FBF-AF94-167CA9EABFA1}"
EndProject
Project("{FAE04EC0-301F-11D3-BF4B-00C04F79EFBC}") = "Bai12", "Bai12\Bai12.csproj", "{B6BA76F5-2DA6-43C9-8156-29B9925128CF}"
EndProject
Global
	GlobalSection(SolutionConfigurationPlatforms) = preSolution
		Debug|Any CPU = Debug|Any CPU
		Release|Any CPU = Release|Any CPU
	EndGlobalSection
	GlobalSection(ProjectConfigurationPlatforms) = postSolution
		{BC9B0EA2-C9D1-43A5-A440-6A8566FD58A1}.Debug|Any CPU.ActiveCfg = Debug|Any CPU
		{BC9B0EA2-C9D1-43A5-A440-6A8566FD58A1}.Debug|Any CPU.Build.0 = Debug|Any CPU
		{BC9B0EA2-C9D1-43A5-A440-6A8566FD58A1}.Release|Any CPU.ActiveCfg = Release|Any CPU
		{BC9B0EA2-C9D1-43A5-A440-6A8566FD58A1}.Release|Any CPU.Build.0 = Release|Any CPU
		{1E3CFD2D-A289-4BB9-8028-E4DF8DFB1FB7}.Debug|Any CPU.ActiveCfg = Debug|Any CPU
		{1E3CFD2D-A289-4BB9-8028-E4DF8DFB1FB7}.Debug|Any CPU.Build.0 = Debug|Any CPU
		{1E3CFD2D-A289-4BB9-8028-E4DF8DFB1FB7}.Release|Any CPU.ActiveCfg = Release|Any CPU
		{1E3CFD2D-A289-4BB9-8028-E4DF8DFB1FB7}.Release|Any CPU.Build.0 = Release|Any CPU
		{74F324EA-0FE9-4910-AE1C-9C9541764D34}.Debug|Any CPU.ActiveCfg = Debug|Any CPU
		{74F324EA-0FE9-4910-AE1C-9C9541764D34}.Debug|Any CPU.Build.0 = Debug|Any CPU
		{74F324EA-0FE9-4910-AE1C-9C9541764D34}.Release|Any CPU.ActiveCfg = Release|Any CPU
		{74F324EA-0FE9-4910-AE1C-9C9541764D34}.Release|Any CPU.Build.0 = Release|Any CPU
		{C3B3F625-1E1A-4C8C-97A7-62A4C0B19E8F}.Debug|Any CPU.ActiveCfg = Debug|Any CPU
		{C3B3F625-1E1A-4C8C-97A7-62A4C0B19E8F}.Debug|Any CPU.Build.0 = Debug|Any CPU
		{C3B3F625-1E1A-4C8C-97A7-62A4C0B19E8F}.Release|Any CPU.ActiveCfg = Release|Any CPU
		{C3B3F625-1E1A-4C8C-97A7-62A4C0B19E8F}.Release|Any CPU.Build.0 = Release|Any CPU
		{D3ABB320-5441-4372-AF31-9C13DB11AAEB}.Debug|Any CPU.ActiveCfg = Debug|Any CPU
		{D3ABB320-5441-4372-AF31-9C13DB11AAEB}.Debug|Any CPU.Build.0 = Debug|Any CPU
		{D3ABB320-5441-4372-AF31-9C13DB11AAEB}.Release|Any CPU.ActiveCfg = Release|Any CPU
		{D3ABB320-5441-4372-AF31-9C13DB11AAEB}.Release|Any CPU.Build.0 = Release|Any CPU
		{DC0A6D0F-3010-4E19-9455-B8DBFB4AB19C}.Debug|Any CPU.ActiveCfg = Debug|Any CPU
		{DC0A6D0F-3010-4E19-9455-B8DBFB4AB19C}.Debug|Any CPU.Build.0 = Debug|Any CPU
		{DC0A6D0F-3010-4E19-9455-B8DBFB4AB19C}.Release|Any CPU.ActiveCfg = Release|Any CPU
		{DC0A6D0F-3010-4E19-9455-B8DBFB4AB19C}.Release|Any CPU.Build.0 = Release|Any CPU
		{55271DB1-F5C4-463D-8D5A-6C1DDCABCF17}.Debug|Any CPU.ActiveCfg = Debug|Any CPU
		{55271DB1-F5C4-463D-8D5A-6C1DDCABCF17}.Debug|Any CPU.Build.0 = Debug|Any CPU
		{55271DB1-F5C4-463D-8D5A-6C1DDCABCF17}.Release|Any CPU.ActiveCfg = Release|Any CPU
		{55271DB1-F5C4-463D-8D5A-6C1DDCABCF17}.Release|Any CPU.Build.0 = Release|Any CPU
		{83782969-B11C-49B1-876C-874F38E18A37}.Debug|Any CPU.ActiveCfg = Debug|Any CPU
		{83782969-B11C-49B1-876C-874F38E18A37}.Debug|Any CPU.Build.0 = Debug|Any CPU
		{83782969-B11C-49B1-876C-874F38E18A37}.Release|Any CPU.ActiveCfg = Release|Any CPU
		{83782969-B11C-49B1-876C-874F38E18A37}.Release|Any CPU.Build.0 = Release|Any CPU
		{5CB92592-D78C-4602-B0C8-5EB612A9DBB5}.Debug|Any CPU.ActiveCfg = Debug|Any CPU
		{5CB92592-D78C-4602-B0C8-5EB612A9DBB5}.Debug|Any CPU.Build.0 = Debug|Any CPU
		{5CB92592-D78C-4602-B0C8-5EB612A9DBB5}.Release|Any CPU.ActiveCfg = Release|Any CPU
		{5CB92592-D78C-4602-B0C8-5EB612A9DBB5}.Release|Any CPU.Build.0 = Release|Any CPU
		{C28805AE-8A96-418B-B7A6-739ED15194C8}.Debug|Any CPU.ActiveCfg = Debug|Any CPU
		{C28805AE-8A96-418B-B7A6-739ED15194C8}.Debug|Any CPU.Build.0 = Debug|Any CPU
		{C28805AE-8A96-418B-B7A6-739ED15194C8}.Release|Any CPU.ActiveCfg = Release|Any CPU
		{C28805AE-8A96-418B-B7A6-739ED15194C8}.Release|Any CPU.Build.0 = Release|Any CPU
		{3745F679-5B81-4FBF-AF94-167CA9EABFA1}.Debug|Any CPU.ActiveCfg = Debug|Any CPU
		{3745F679-5B81-4FBF-AF94-167CA9EABFA1}.Debug|Any CPU.Build.0 = Debug|Any CPU
		{3745F679-5B81-4FBF-AF94-167CA9EABFA1}.Release|Any CPU.ActiveCfg = Release|Any CPU
		{3745F679-5B81-4FBF-AF94-167CA9EABFA1}.Release|Any CPU.Build.0 = Release|Any CPU
		{B6BA76F5-2DA6-43C9-8156-29B9925128CF}.Debug|Any CPU.ActiveCfg = Debug|Any CPU
		{B6BA76F5-2DA6-43C9-8156-29B9925128CF}.Debug|Any CPU.Build.0 = Debug|Any CPU
		{B6BA76F5-2DA6-43C9-8156-29B9925128CF}.Release|Any CPU.ActiveCfg = Release|Any CPU
		{B6BA76F5-2DA6-43C9-8156-29B9925128CF}.Release|Any CPU.Build.0 = Release|Any CPU
	EndGlobalSection
	GlobalSection(SolutionProperties) = preSolution
		HideSolutionNode = FALSE
	EndGlobalSection
	GlobalSection(ExtensibilityGlobals) = postSolution
		SolutionGuid = {34A1119E-75DF-4A00-B74A-492D1FF70DA5}
	EndGlobalSection
EndGlobal
